
Microsoft Visual Studio Solution File, Format Version 12.00
# Visual Studio Version 17
VisualStudioVersion = 17.0.31903.59
MinimumVisualStudioVersion = 10.0.40219.1
Project("{FAE04EC0-301F-11D3-BF4B-00C04F79EFBC}") = "API", "API\API.csproj", "{CC4D3EE5-BC1C-4235-A0E4-BF958C652AED}"
EndProject
Project("{FAE04EC0-301F-11D3-BF4B-00C04F79EFBC}") = "Application", "Application\Application.csproj", "{A55F9FAC-C901-4F1E-8248-3AA386160B62}"
EndProject
Project("{FAE04EC0-301F-11D3-BF4B-00C04F79EFBC}") = "Domain", "Domain\Domain.csproj", "{F6BC49DF-89C4-4315-A95F-A6B5026CF520}"
EndProject
Project("{FAE04EC0-301F-11D3-BF4B-00C04F79EFBC}") = "Persistence", "Persistence\Persistence.csproj", "{77F3A1C8-A22A-4502-A77E-5967EC902CE4}"
EndProject
Global
	GlobalSection(SolutionConfigurationPlatforms) = preSolution
		Debug|Any CPU = Debug|Any CPU
		Release|Any CPU = Release|Any CPU
	EndGlobalSection
	GlobalSection(SolutionProperties) = preSolution
		HideSolutionNode = FALSE
	EndGlobalSection
	GlobalSection(ProjectConfigurationPlatforms) = postSolution
		{CC4D3EE5-BC1C-4235-A0E4-BF958C652AED}.Debug|Any CPU.ActiveCfg = Debug|Any CPU
		{CC4D3EE5-BC1C-4235-A0E4-BF958C652AED}.Debug|Any CPU.Build.0 = Debug|Any CPU
		{CC4D3EE5-BC1C-4235-A0E4-BF958C652AED}.Release|Any CPU.ActiveCfg = Release|Any CPU
		{CC4D3EE5-BC1C-4235-A0E4-BF958C652AED}.Release|Any CPU.Build.0 = Release|Any CPU
		{A55F9FAC-C901-4F1E-8248-3AA386160B62}.Debug|Any CPU.ActiveCfg = Debug|Any CPU
		{A55F9FAC-C901-4F1E-8248-3AA386160B62}.Debug|Any CPU.Build.0 = Debug|Any CPU
		{A55F9FAC-C901-4F1E-8248-3AA386160B62}.Release|Any CPU.ActiveCfg = Release|Any CPU
		{A55F9FAC-C901-4F1E-8248-3AA386160B62}.Release|Any CPU.Build.0 = Release|Any CPU
		{F6BC49DF-89C4-4315-A95F-A6B5026CF520}.Debug|Any CPU.ActiveCfg = Debug|Any CPU
		{F6BC49DF-89C4-4315-A95F-A6B5026CF520}.Debug|Any CPU.Build.0 = Debug|Any CPU
		{F6BC49DF-89C4-4315-A95F-A6B5026CF520}.Release|Any CPU.ActiveCfg = Release|Any CPU
		{F6BC49DF-89C4-4315-A95F-A6B5026CF520}.Release|Any CPU.Build.0 = Release|Any CPU
		{77F3A1C8-A22A-4502-A77E-5967EC902CE4}.Debug|Any CPU.ActiveCfg = Debug|Any CPU
		{77F3A1C8-A22A-4502-A77E-5967EC902CE4}.Debug|Any CPU.Build.0 = Debug|Any CPU
		{77F3A1C8-A22A-4502-A77E-5967EC902CE4}.Release|Any CPU.ActiveCfg = Release|Any CPU
		{77F3A1C8-A22A-4502-A77E-5967EC902CE4}.Release|Any CPU.Build.0 = Release|Any CPU
	EndGlobalSection
EndGlobal
